// !$*UTF8*$!
{
	archiveVersion = 1;
	classes = {
	};
	objectVersion = 55;
	objects = {

/* Begin PBXBuildFile section */
		8262FACD2728974B00617985 /* CryptoGripApp.swift in Sources */ = {isa = PBXBuildFile; fileRef = 8262FACC2728974B00617985 /* CryptoGripApp.swift */; };
		8262FACF2728974B00617985 /* ContentView.swift in Sources */ = {isa = PBXBuildFile; fileRef = 8262FACE2728974B00617985 /* ContentView.swift */; };
		8262FAD12728974D00617985 /* Assets.xcassets in Resources */ = {isa = PBXBuildFile; fileRef = 8262FAD02728974D00617985 /* Assets.xcassets */; };
		8262FAD42728974D00617985 /* Preview Assets.xcassets in Resources */ = {isa = PBXBuildFile; fileRef = 8262FAD32728974D00617985 /* Preview Assets.xcassets */; };
		8262FADC2728977D00617985 /* MFAView.swift in Sources */ = {isa = PBXBuildFile; fileRef = 8262FADB2728977D00617985 /* MFAView.swift */; };
		8262FADE2728990200617985 /* BorderedButton.swift in Sources */ = {isa = PBXBuildFile; fileRef = 8262FADD2728990200617985 /* BorderedButton.swift */; };
		8262FAE027289CB600617985 /* CardView.swift in Sources */ = {isa = PBXBuildFile; fileRef = 8262FADF27289CB600617985 /* CardView.swift */; };
		8262FAE227289EAB00617985 /* GridView.swift in Sources */ = {isa = PBXBuildFile; fileRef = 8262FAE127289EAB00617985 /* GridView.swift */; };
		8262FAE427289FCF00617985 /* CardModel.swift in Sources */ = {isa = PBXBuildFile; fileRef = 8262FAE327289FCF00617985 /* CardModel.swift */; };
		8262FAE72728A23300617985 /* SlideOverCard in Frameworks */ = {isa = PBXBuildFile; productRef = 8262FAE62728A23300617985 /* SlideOverCard */; };
		8262FAEA2728A39500617985 /* CodeScanner in Frameworks */ = {isa = PBXBuildFile; productRef = 8262FAE92728A39500617985 /* CodeScanner */; };
		826513662729F4BE0088E0BC /* THOTP in Frameworks */ = {isa = PBXBuildFile; productRef = 826513652729F4BE0088E0BC /* THOTP */; };
		826513682729FB280088E0BC /* CardList.swift in Sources */ = {isa = PBXBuildFile; fileRef = 826513672729FB280088E0BC /* CardList.swift */; };
		8265136A272A0D570088E0BC /* PassViewModel.swift in Sources */ = {isa = PBXBuildFile; fileRef = 82651369272A0D570088E0BC /* PassViewModel.swift */; };
		8265136C272A0D650088E0BC /* PassView.swift in Sources */ = {isa = PBXBuildFile; fileRef = 8265136B272A0D650088E0BC /* PassView.swift */; };
		8265136E272A0D720088E0BC /* PassModel.swift in Sources */ = {isa = PBXBuildFile; fileRef = 8265136D272A0D720088E0BC /* PassModel.swift */; };
/* End PBXBuildFile section */

/* Begin PBXFileReference section */
		8262FAC92728974B00617985 /* CryptoGrip.app */ = {isa = PBXFileReference; explicitFileType = wrapper.application; includeInIndex = 0; path = CryptoGrip.app; sourceTree = BUILT_PRODUCTS_DIR; };
		8262FACC2728974B00617985 /* CryptoGripApp.swift */ = {isa = PBXFileReference; lastKnownFileType = sourcecode.swift; path = CryptoGripApp.swift; sourceTree = "<group>"; };
		8262FACE2728974B00617985 /* ContentView.swift */ = {isa = PBXFileReference; lastKnownFileType = sourcecode.swift; path = ContentView.swift; sourceTree = "<group>"; };
		8262FAD02728974D00617985 /* Assets.xcassets */ = {isa = PBXFileReference; lastKnownFileType = folder.assetcatalog; path = Assets.xcassets; sourceTree = "<group>"; };
		8262FAD32728974D00617985 /* Preview Assets.xcassets */ = {isa = PBXFileReference; lastKnownFileType = folder.assetcatalog; path = "Preview Assets.xcassets"; sourceTree = "<group>"; };
		8262FADB2728977D00617985 /* MFAView.swift */ = {isa = PBXFileReference; lastKnownFileType = sourcecode.swift; path = MFAView.swift; sourceTree = "<group>"; };
		8262FADD2728990200617985 /* BorderedButton.swift */ = {isa = PBXFileReference; lastKnownFileType = sourcecode.swift; path = BorderedButton.swift; sourceTree = "<group>"; };
		8262FADF27289CB600617985 /* CardView.swift */ = {isa = PBXFileReference; lastKnownFileType = sourcecode.swift; path = CardView.swift; sourceTree = "<group>"; };
		8262FAE127289EAB00617985 /* GridView.swift */ = {isa = PBXFileReference; lastKnownFileType = sourcecode.swift; path = GridView.swift; sourceTree = "<group>"; };
		8262FAE327289FCF00617985 /* CardModel.swift */ = {isa = PBXFileReference; lastKnownFileType = sourcecode.swift; path = CardModel.swift; sourceTree = "<group>"; };
		826513632728A6500088E0BC /* Info.plist */ = {isa = PBXFileReference; lastKnownFileType = text.plist; path = Info.plist; sourceTree = "<group>"; };
		826513672729FB280088E0BC /* CardList.swift */ = {isa = PBXFileReference; lastKnownFileType = sourcecode.swift; path = CardList.swift; sourceTree = "<group>"; };
		82651369272A0D570088E0BC /* PassViewModel.swift */ = {isa = PBXFileReference; lastKnownFileType = sourcecode.swift; path = PassViewModel.swift; sourceTree = "<group>"; };
		8265136B272A0D650088E0BC /* PassView.swift */ = {isa = PBXFileReference; lastKnownFileType = sourcecode.swift; path = PassView.swift; sourceTree = "<group>"; };
		8265136D272A0D720088E0BC /* PassModel.swift */ = {isa = PBXFileReference; lastKnownFileType = sourcecode.swift; path = PassModel.swift; sourceTree = "<group>"; };
/* End PBXFileReference section */

/* Begin PBXFrameworksBuildPhase section */
		8262FAC62728974B00617985 /* Frameworks */ = {
			isa = PBXFrameworksBuildPhase;
			buildActionMask = 2147483647;
			files = (
				826513662729F4BE0088E0BC /* THOTP in Frameworks */,
				8262FAEA2728A39500617985 /* CodeScanner in Frameworks */,
				8262FAE72728A23300617985 /* SlideOverCard in Frameworks */,
			);
			runOnlyForDeploymentPostprocessing = 0;
		};
/* End PBXFrameworksBuildPhase section */

/* Begin PBXGroup section */
		8262FAC02728974B00617985 = {
			isa = PBXGroup;
			children = (
				8262FACB2728974B00617985 /* CryptoGrip */,
				8262FACA2728974B00617985 /* Products */,
			);
			sourceTree = "<group>";
		};
		8262FACA2728974B00617985 /* Products */ = {
			isa = PBXGroup;
			children = (
				8262FAC92728974B00617985 /* CryptoGrip.app */,
			);
			name = Products;
			sourceTree = "<group>";
		};
		8262FACB2728974B00617985 /* CryptoGrip */ = {
			isa = PBXGroup;
			children = (
				826513632728A6500088E0BC /* Info.plist */,
				8262FADA2728976900617985 /* MFA */,
				8262FACC2728974B00617985 /* CryptoGripApp.swift */,
				8262FACE2728974B00617985 /* ContentView.swift */,
				8262FAD02728974D00617985 /* Assets.xcassets */,
				8262FAD22728974D00617985 /* Preview Content */,
			);
			path = CryptoGrip;
			sourceTree = "<group>";
		};
		8262FAD22728974D00617985 /* Preview Content */ = {
			isa = PBXGroup;
			children = (
				8262FAD32728974D00617985 /* Preview Assets.xcassets */,
			);
			path = "Preview Content";
			sourceTree = "<group>";
		};
		8262FADA2728976900617985 /* MFA */ = {
			isa = PBXGroup;
			children = (
				8262FADB2728977D00617985 /* MFAView.swift */,
				8262FADD2728990200617985 /* BorderedButton.swift */,
				8262FADF27289CB600617985 /* CardView.swift */,
				8262FAE127289EAB00617985 /* GridView.swift */,
				8262FAE327289FCF00617985 /* CardModel.swift */,
				826513672729FB280088E0BC /* CardList.swift */,
				82651369272A0D570088E0BC /* PassViewModel.swift */,
				8265136B272A0D650088E0BC /* PassView.swift */,
				8265136D272A0D720088E0BC /* PassModel.swift */,
			);
			path = MFA;
			sourceTree = "<group>";
		};
/* End PBXGroup section */

/* Begin PBXNativeTarget section */
		8262FAC82728974B00617985 /* CryptoGrip */ = {
			isa = PBXNativeTarget;
			buildConfigurationList = 8262FAD72728974D00617985 /* Build configuration list for PBXNativeTarget "CryptoGrip" */;
			buildPhases = (
				8262FAC52728974B00617985 /* Sources */,
				8262FAC62728974B00617985 /* Frameworks */,
				8262FAC72728974B00617985 /* Resources */,
			);
			buildRules = (
			);
			dependencies = (
			);
			name = CryptoGrip;
			packageProductDependencies = (
				8262FAE62728A23300617985 /* SlideOverCard */,
				8262FAE92728A39500617985 /* CodeScanner */,
				826513652729F4BE0088E0BC /* THOTP */,
			);
			productName = CryptoGrip;
			productReference = 8262FAC92728974B00617985 /* CryptoGrip.app */;
			productType = "com.apple.product-type.application";
		};
/* End PBXNativeTarget section */

/* Begin PBXProject section */
		8262FAC12728974B00617985 /* Project object */ = {
			isa = PBXProject;
			attributes = {
				BuildIndependentTargetsInParallel = 1;
				LastSwiftUpdateCheck = 1300;
				LastUpgradeCheck = 1300;
				TargetAttributes = {
					8262FAC82728974B00617985 = {
						CreatedOnToolsVersion = 13.0;
					};
				};
			};
			buildConfigurationList = 8262FAC42728974B00617985 /* Build configuration list for PBXProject "CryptoGrip" */;
			compatibilityVersion = "Xcode 13.0";
			developmentRegion = en;
			hasScannedForEncodings = 0;
			knownRegions = (
				en,
				Base,
			);
			mainGroup = 8262FAC02728974B00617985;
			packageReferences = (
				8262FAE52728A23300617985 /* XCRemoteSwiftPackageReference "SlideOverCard" */,
				8262FAE82728A39500617985 /* XCRemoteSwiftPackageReference "CodeScanner" */,
				826513642729F4BE0088E0BC /* XCRemoteSwiftPackageReference "THOTP" */,
			);
			productRefGroup = 8262FACA2728974B00617985 /* Products */;
			projectDirPath = "";
			projectRoot = "";
			targets = (
				8262FAC82728974B00617985 /* CryptoGrip */,
			);
		};
/* End PBXProject section */

/* Begin PBXResourcesBuildPhase section */
		8262FAC72728974B00617985 /* Resources */ = {
			isa = PBXResourcesBuildPhase;
			buildActionMask = 2147483647;
			files = (
				8262FAD42728974D00617985 /* Preview Assets.xcassets in Resources */,
				8262FAD12728974D00617985 /* Assets.xcassets in Resources */,
			);
			runOnlyForDeploymentPostprocessing = 0;
		};
/* End PBXResourcesBuildPhase section */

/* Begin PBXSourcesBuildPhase section */
		8262FAC52728974B00617985 /* Sources */ = {
			isa = PBXSourcesBuildPhase;
			buildActionMask = 2147483647;
			files = (
				8262FADE2728990200617985 /* BorderedButton.swift in Sources */,
				8265136A272A0D570088E0BC /* PassViewModel.swift in Sources */,
				8262FADC2728977D00617985 /* MFAView.swift in Sources */,
				8262FACF2728974B00617985 /* ContentView.swift in Sources */,
				8262FAE427289FCF00617985 /* CardModel.swift in Sources */,
				8265136C272A0D650088E0BC /* PassView.swift in Sources */,
				8262FACD2728974B00617985 /* CryptoGripApp.swift in Sources */,
				8262FAE227289EAB00617985 /* GridView.swift in Sources */,
				8262FAE027289CB600617985 /* CardView.swift in Sources */,
				826513682729FB280088E0BC /* CardList.swift in Sources */,
				8265136E272A0D720088E0BC /* PassModel.swift in Sources */,
			);
			runOnlyForDeploymentPostprocessing = 0;
		};
/* End PBXSourcesBuildPhase section */

/* Begin XCBuildConfiguration section */
		8262FAD52728974D00617985 /* Debug */ = {
			isa = XCBuildConfiguration;
			buildSettings = {
				ALWAYS_SEARCH_USER_PATHS = NO;
				CLANG_ANALYZER_NONNULL = YES;
				CLANG_ANALYZER_NUMBER_OBJECT_CONVERSION = YES_AGGRESSIVE;
				CLANG_CXX_LANGUAGE_STANDARD = "gnu++17";
				CLANG_CXX_LIBRARY = "libc++";
				CLANG_ENABLE_MODULES = YES;
				CLANG_ENABLE_OBJC_ARC = YES;
				CLANG_ENABLE_OBJC_WEAK = YES;
				CLANG_WARN_BLOCK_CAPTURE_AUTORELEASING = YES;
				CLANG_WARN_BOOL_CONVERSION = YES;
				CLANG_WARN_COMMA = YES;
				CLANG_WARN_CONSTANT_CONVERSION = YES;
				CLANG_WARN_DEPRECATED_OBJC_IMPLEMENTATIONS = YES;
				CLANG_WARN_DIRECT_OBJC_ISA_USAGE = YES_ERROR;
				CLANG_WARN_DOCUMENTATION_COMMENTS = YES;
				CLANG_WARN_EMPTY_BODY = YES;
				CLANG_WARN_ENUM_CONVERSION = YES;
				CLANG_WARN_INFINITE_RECURSION = YES;
				CLANG_WARN_INT_CONVERSION = YES;
				CLANG_WARN_NON_LITERAL_NULL_CONVERSION = YES;
				CLANG_WARN_OBJC_IMPLICIT_RETAIN_SELF = YES;
				CLANG_WARN_OBJC_LITERAL_CONVERSION = YES;
				CLANG_WARN_OBJC_ROOT_CLASS = YES_ERROR;
				CLANG_WARN_QUOTED_INCLUDE_IN_FRAMEWORK_HEADER = YES;
				CLANG_WARN_RANGE_LOOP_ANALYSIS = YES;
				CLANG_WARN_STRICT_PROTOTYPES = YES;
				CLANG_WARN_SUSPICIOUS_MOVE = YES;
				CLANG_WARN_UNGUARDED_AVAILABILITY = YES_AGGRESSIVE;
				CLANG_WARN_UNREACHABLE_CODE = YES;
				CLANG_WARN__DUPLICATE_METHOD_MATCH = YES;
				COPY_PHASE_STRIP = NO;
				DEBUG_INFORMATION_FORMAT = dwarf;
				ENABLE_STRICT_OBJC_MSGSEND = YES;
				ENABLE_TESTABILITY = YES;
				GCC_C_LANGUAGE_STANDARD = gnu11;
				GCC_DYNAMIC_NO_PIC = NO;
				GCC_NO_COMMON_BLOCKS = YES;
				GCC_OPTIMIZATION_LEVEL = 0;
				GCC_PREPROCESSOR_DEFINITIONS = (
					"DEBUG=1",
					"$(inherited)",
				);
				GCC_WARN_64_TO_32_BIT_CONVERSION = YES;
				GCC_WARN_ABOUT_RETURN_TYPE = YES_ERROR;
				GCC_WARN_UNDECLARED_SELECTOR = YES;
				GCC_WARN_UNINITIALIZED_AUTOS = YES_AGGRESSIVE;
				GCC_WARN_UNUSED_FUNCTION = YES;
				GCC_WARN_UNUSED_VARIABLE = YES;
				IPHONEOS_DEPLOYMENT_TARGET = 15.0;
				MTL_ENABLE_DEBUG_INFO = INCLUDE_SOURCE;
				MTL_FAST_MATH = YES;
				ONLY_ACTIVE_ARCH = YES;
				SDKROOT = iphoneos;
				SWIFT_ACTIVE_COMPILATION_CONDITIONS = DEBUG;
				SWIFT_OPTIMIZATION_LEVEL = "-Onone";
			};
			name = Debug;
		};
		8262FAD62728974D00617985 /* Release */ = {
			isa = XCBuildConfiguration;
			buildSettings = {
				ALWAYS_SEARCH_USER_PATHS = NO;
				CLANG_ANALYZER_NONNULL = YES;
				CLANG_ANALYZER_NUMBER_OBJECT_CONVERSION = YES_AGGRESSIVE;
				CLANG_CXX_LANGUAGE_STANDARD = "gnu++17";
				CLANG_CXX_LIBRARY = "libc++";
				CLANG_ENABLE_MODULES = YES;
				CLANG_ENABLE_OBJC_ARC = YES;
				CLANG_ENABLE_OBJC_WEAK = YES;
				CLANG_WARN_BLOCK_CAPTURE_AUTORELEASING = YES;
				CLANG_WARN_BOOL_CONVERSION = YES;
				CLANG_WARN_COMMA = YES;
				CLANG_WARN_CONSTANT_CONVERSION = YES;
				CLANG_WARN_DEPRECATED_OBJC_IMPLEMENTATIONS = YES;
				CLANG_WARN_DIRECT_OBJC_ISA_USAGE = YES_ERROR;
				CLANG_WARN_DOCUMENTATION_COMMENTS = YES;
				CLANG_WARN_EMPTY_BODY = YES;
				CLANG_WARN_ENUM_CONVERSION = YES;
				CLANG_WARN_INFINITE_RECURSION = YES;
				CLANG_WARN_INT_CONVERSION = YES;
				CLANG_WARN_NON_LITERAL_NULL_CONVERSION = YES;
				CLANG_WARN_OBJC_IMPLICIT_RETAIN_SELF = YES;
				CLANG_WARN_OBJC_LITERAL_CONVERSION = YES;
				CLANG_WARN_OBJC_ROOT_CLASS = YES_ERROR;
				CLANG_WARN_QUOTED_INCLUDE_IN_FRAMEWORK_HEADER = YES;
				CLANG_WARN_RANGE_LOOP_ANALYSIS = YES;
				CLANG_WARN_STRICT_PROTOTYPES = YES;
				CLANG_WARN_SUSPICIOUS_MOVE = YES;
				CLANG_WARN_UNGUARDED_AVAILABILITY = YES_AGGRESSIVE;
				CLANG_WARN_UNREACHABLE_CODE = YES;
				CLANG_WARN__DUPLICATE_METHOD_MATCH = YES;
				COPY_PHASE_STRIP = NO;
				DEBUG_INFORMATION_FORMAT = "dwarf-with-dsym";
				ENABLE_NS_ASSERTIONS = NO;
				ENABLE_STRICT_OBJC_MSGSEND = YES;
				GCC_C_LANGUAGE_STANDARD = gnu11;
				GCC_NO_COMMON_BLOCKS = YES;
				GCC_WARN_64_TO_32_BIT_CONVERSION = YES;
				GCC_WARN_ABOUT_RETURN_TYPE = YES_ERROR;
				GCC_WARN_UNDECLARED_SELECTOR = YES;
				GCC_WARN_UNINITIALIZED_AUTOS = YES_AGGRESSIVE;
				GCC_WARN_UNUSED_FUNCTION = YES;
				GCC_WARN_UNUSED_VARIABLE = YES;
				IPHONEOS_DEPLOYMENT_TARGET = 15.0;
				MTL_ENABLE_DEBUG_INFO = NO;
				MTL_FAST_MATH = YES;
				SDKROOT = iphoneos;
				SWIFT_COMPILATION_MODE = wholemodule;
				SWIFT_OPTIMIZATION_LEVEL = "-O";
				VALIDATE_PRODUCT = YES;
			};
			name = Release;
		};
		8262FAD82728974D00617985 /* Debug */ = {
			isa = XCBuildConfiguration;
			buildSettings = {
				ASSETCATALOG_COMPILER_APPICON_NAME = AppIcon;
				ASSETCATALOG_COMPILER_GLOBAL_ACCENT_COLOR_NAME = AccentColor;
				CODE_SIGN_STYLE = Automatic;
				CURRENT_PROJECT_VERSION = 1;
				DEVELOPMENT_ASSET_PATHS = "\"CryptoGrip/Preview Content\"";
				DEVELOPMENT_TEAM = Z36J5U5BMB;
				ENABLE_PREVIEWS = YES;
				GENERATE_INFOPLIST_FILE = YES;
				INFOPLIST_FILE = CryptoGrip/Info.plist;
				INFOPLIST_KEY_NSCameraUsageDescription = "The camera is needed to scan QR Codes";
				INFOPLIST_KEY_UIApplicationSceneManifest_Generation = YES;
				INFOPLIST_KEY_UIApplicationSupportsIndirectInputEvents = YES;
				INFOPLIST_KEY_UILaunchScreen_Generation = YES;
				INFOPLIST_KEY_UISupportedInterfaceOrientations_iPad = "UIInterfaceOrientationPortrait UIInterfaceOrientationPortraitUpsideDown UIInterfaceOrientationLandscapeLeft UIInterfaceOrientationLandscapeRight";
				INFOPLIST_KEY_UISupportedInterfaceOrientations_iPhone = "UIInterfaceOrientationPortrait UIInterfaceOrientationLandscapeLeft UIInterfaceOrientationLandscapeRight";
				IPHONEOS_DEPLOYMENT_TARGET = 14.0;
				LD_RUNPATH_SEARCH_PATHS = (
					"$(inherited)",
					"@executable_path/Frameworks",
				);
				MARKETING_VERSION = 1.0;
				PRODUCT_BUNDLE_IDENTIFIER = com.tylerdailey.CryptoGrip2;
				PRODUCT_NAME = "$(TARGET_NAME)";
				SWIFT_EMIT_LOC_STRINGS = YES;
				SWIFT_VERSION = 5.0;
				TARGETED_DEVICE_FAMILY = "1,2";
			};
			name = Debug;
		};
		8262FAD92728974D00617985 /* Release */ = {
			isa = XCBuildConfiguration;
			buildSettings = {
				ASSETCATALOG_COMPILER_APPICON_NAME = AppIcon;
				ASSETCATALOG_COMPILER_GLOBAL_ACCENT_COLOR_NAME = AccentColor;
				CODE_SIGN_STYLE = Automatic;
				CURRENT_PROJECT_VERSION = 1;
				DEVELOPMENT_ASSET_PATHS = "\"CryptoGrip/Preview Content\"";
				DEVELOPMENT_TEAM = Z36J5U5BMB;
				ENABLE_PREVIEWS = YES;
				GENERATE_INFOPLIST_FILE = YES;
				INFOPLIST_FILE = CryptoGrip/Info.plist;
				INFOPLIST_KEY_NSCameraUsageDescription = "The camera is needed to scan QR Codes";
				INFOPLIST_KEY_UIApplicationSceneManifest_Generation = YES;
				INFOPLIST_KEY_UIApplicationSupportsIndirectInputEvents = YES;
				INFOPLIST_KEY_UILaunchScreen_Generation = YES;
				INFOPLIST_KEY_UISupportedInterfaceOrientations_iPad = "UIInterfaceOrientationPortrait UIInterfaceOrientationPortraitUpsideDown UIInterfaceOrientationLandscapeLeft UIInterfaceOrientationLandscapeRight";
				INFOPLIST_KEY_UISupportedInterfaceOrientations_iPhone = "UIInterfaceOrientationPortrait UIInterfaceOrientationLandscapeLeft UIInterfaceOrientationLandscapeRight";
				IPHONEOS_DEPLOYMENT_TARGET = 14.0;
				LD_RUNPATH_SEARCH_PATHS = (
					"$(inherited)",
					"@executable_path/Frameworks",
				);
				MARKETING_VERSION = 1.0;
				PRODUCT_BUNDLE_IDENTIFIER = com.tylerdailey.CryptoGrip2;
				PRODUCT_NAME = "$(TARGET_NAME)";
				SWIFT_EMIT_LOC_STRINGS = YES;
				SWIFT_VERSION = 5.0;
				TARGETED_DEVICE_FAMILY = "1,2";
			};
			name = Release;
		};
/* End XCBuildConfiguration section */

/* Begin XCConfigurationList section */
		8262FAC42728974B00617985 /* Build configuration list for PBXProject "CryptoGrip" */ = {
			isa = XCConfigurationList;
			buildConfigurations = (
				8262FAD52728974D00617985 /* Debug */,
				8262FAD62728974D00617985 /* Release */,
			);
			defaultConfigurationIsVisible = 0;
			defaultConfigurationName = Release;
		};
		8262FAD72728974D00617985 /* Build configuration list for PBXNativeTarget "CryptoGrip" */ = {
			isa = XCConfigurationList;
			buildConfigurations = (
				8262FAD82728974D00617985 /* Debug */,
				8262FAD92728974D00617985 /* Release */,
			);
			defaultConfigurationIsVisible = 0;
			defaultConfigurationName = Release;
		};
/* End XCConfigurationList section */

/* Begin XCRemoteSwiftPackageReference section */
		8262FAE52728A23300617985 /* XCRemoteSwiftPackageReference "SlideOverCard" */ = {
			isa = XCRemoteSwiftPackageReference;
			repositoryURL = "https://github.com/joogps/SlideOverCard.git";
			requirement = {
				kind = upToNextMajorVersion;
				minimumVersion = 2.0.0;
			};
		};
		8262FAE82728A39500617985 /* XCRemoteSwiftPackageReference "CodeScanner" */ = {
			isa = XCRemoteSwiftPackageReference;
			repositoryURL = "https://github.com/twostraws/CodeScanner";
			requirement = {
				kind = upToNextMajorVersion;
				minimumVersion = 1.0.0;
			};
		};
		826513642729F4BE0088E0BC /* XCRemoteSwiftPackageReference "THOTP" */ = {
			isa = XCRemoteSwiftPackageReference;
			repositoryURL = "https://github.com/ericlewis/THOTP.git";
			requirement = {
				kind = upToNextMajorVersion;
				minimumVersion = 1.0.0;
			};
		};
/* End XCRemoteSwiftPackageReference section */

/* Begin XCSwiftPackageProductDependency section */
		8262FAE62728A23300617985 /* SlideOverCard */ = {
			isa = XCSwiftPackageProductDependency;
			package = 8262FAE52728A23300617985 /* XCRemoteSwiftPackageReference "SlideOverCard" */;
			productName = SlideOverCard;
		};
		8262FAE92728A39500617985 /* CodeScanner */ = {
			isa = XCSwiftPackageProductDependency;
			package = 8262FAE82728A39500617985 /* XCRemoteSwiftPackageReference "CodeScanner" */;
			productName = CodeScanner;
		};
		826513652729F4BE0088E0BC /* THOTP */ = {
			isa = XCSwiftPackageProductDependency;
			package = 826513642729F4BE0088E0BC /* XCRemoteSwiftPackageReference "THOTP" */;
			productName = THOTP;
		};
/* End XCSwiftPackageProductDependency section */
	};
	rootObject = 8262FAC12728974B00617985 /* Project object */;
}
